
Microsoft Visual Studio Solution File, Format Version 12.00
# Visual Studio 15
VisualStudioVersion = 15.0.28010.2036
MinimumVisualStudioVersion = 10.0.40219.1
Project("{FAE04EC0-301F-11D3-BF4B-00C04F79EFBC}") = "DirectoriesManager", "DirectoriesManager\DirectoriesManager.csproj", "{2B610B1F-1D5B-44D0-B5E4-97D813F567FB}"
EndProject
Global
	GlobalSection(SolutionConfigurationPlatforms) = preSolution
		Debug|Any CPU = Debug|Any CPU
		Release|Any CPU = Release|Any CPU
	EndGlobalSection
	GlobalSection(ProjectConfigurationPlatforms) = postSolution
		{2B610B1F-1D5B-44D0-B5E4-97D813F567FB}.Debug|Any CPU.ActiveCfg = Debug|Any CPU
		{2B610B1F-1D5B-44D0-B5E4-97D813F567FB}.Debug|Any CPU.Build.0 = Debug|Any CPU
		{2B610B1F-1D5B-44D0-B5E4-97D813F567FB}.Release|Any CPU.ActiveCfg = Release|Any CPU
		{2B610B1F-1D5B-44D0-B5E4-97D813F567FB}.Release|Any CPU.Build.0 = Release|Any CPU
	EndGlobalSection
	GlobalSection(SolutionProperties) = preSolution
		HideSolutionNode = FALSE
	EndGlobalSection
	GlobalSection(ExtensibilityGlobals) = postSolution
		SolutionGuid = {EBBAA1A9-21B6-40C3-88BA-5BC96E99012A}
	EndGlobalSection
EndGlobal
